<?xml version="1.0" encoding="utf-8"?>
<Project ToolsVersion="4.0" xmlns="http://schemas.microsoft.com/developer/msbuild/2003">
  <ItemGroup>
    <Filter Include="源文件">
      <UniqueIdentifier>{4FC737F1-C7A5-4376-A066-2A32D752A2FF}</UniqueIdentifier>
      <Extensions>cpp;c;cc;cxx;def;odl;idl;hpj;bat;asm;asmx</Extensions>
    </Filter>
    <Filter Include="头文件">
      <UniqueIdentifier>{93995380-89BD-4b04-88EB-625FBE52EBFB}</UniqueIdentifier>
      <Extensions>h;hh;hpp;hxx;hm;inl;inc;xsd</Extensions>
    </Filter>
    <Filter Include="资源文件">
      <UniqueIdentifier>{67DA6AB6-F800-4c08-8B7A-83BB121AAD01}</UniqueIdentifier>
      <Extensions>rc;ico;cur;bmp;dlg;rc2;rct;bin;rgs;gif;jpg;jpeg;jpe;resx;tiff;tif;png;wav;mfcribbon-ms</Extensions>
    </Filter>
  </ItemGroup>
  <ItemGroup>
    <ClCompile Include="1主函数.cpp">
      <Filter>源文件</Filter>
    </ClCompile>
    <ClCompile Include="2图形初始化.cpp">
      <Filter>源文件</Filter>
    </ClCompile>
    <ClCompile Include="3播放音乐.cpp">
      <Filter>源文件</Filter>
    </ClCompile>
    <ClCompile Include="4开始.cpp">
      <Filter>源文件</Filter>
    </ClCompile>
    <ClCompile Include="5难度和地图选择.cpp">
      <Filter>源文件</Filter>
    </ClCompile>
    <ClCompile Include="6游戏界面初始化.cpp">
      <Filter>源文件</Filter>
    </ClCompile>
    <ClCompile Include="7绘制.cpp">
      <Filter>源文件</Filter>
    </ClCompile>
    <ClCompile Include="8食物判断.cpp">
      <Filter>源文件</Filter>
    </ClCompile>
    <ClCompile Include="9死亡判断.cpp">
      <Filter>源文件</Filter>
    </ClCompile>
    <ClCompile Include="10关卡判断.cpp">
      <Filter>源文件</Filter>
    </ClCompile>
    <ClCompile Include="11清理屏幕.cpp">
      <Filter>源文件</Filter>
    </ClCompile>
    <ClCompile Include="12速度递增.cpp">
      <Filter>源文件</Filter>
    </ClCompile>
    <ClCompile Include="13移动.cpp">
      <Filter>源文件</Filter>
    </ClCompile>
    <ClCompile Include="14暂停.cpp">
      <Filter>源文件</Filter>
    </ClCompile>
    <ClCompile Include="15游戏结束.cpp">
      <Filter>源文件</Filter>
    </ClCompile>
  </ItemGroup>
  <ItemGroup>
    <ClInclude Include="宏定义.h">
      <Filter>头文件</Filter>
    </ClInclude>
    <ClInclude Include="结构体.h">
      <Filter>头文件</Filter>
    </ClInclude>
    <ClInclude Include="全局变量定义（写在主函数文件）.h">
      <Filter>头文件</Filter>
    </ClInclude>
    <ClInclude Include="全局变量声明（写在其他次要文件）.h">
      <Filter>头文件</Filter>
    </ClInclude>
    <ClInclude Include="所有函数声明.h">
      <Filter>头文件</Filter>
    </ClInclude>
    <ClInclude Include="头文件.h">
      <Filter>头文件</Filter>
    </ClInclude>
  </ItemGroup>
</Project>